// !$*UTF8*$!
{
	archiveVersion = 1;
	classes = {
	};
	objectVersion = 56;
	objects = {

/* Begin PBXBuildFile section */
		DE5F91E72BA8896600F79B0B /* AppDelegate.swift in Sources */ = {isa = PBXBuildFile; fileRef = DE5F91E62BA8896600F79B0B /* AppDelegate.swift */; };
		DE5F91E92BA8896600F79B0B /* SceneDelegate.swift in Sources */ = {isa = PBXBuildFile; fileRef = DE5F91E82BA8896600F79B0B /* SceneDelegate.swift */; };
		DE5F91EB2BA8896600F79B0B /* PhotoLibraryViewController.swift in Sources */ = {isa = PBXBuildFile; fileRef = DE5F91EA2BA8896600F79B0B /* PhotoLibraryViewController.swift */; };
		DE5F91F02BA8896800F79B0B /* Assets.xcassets in Resources */ = {isa = PBXBuildFile; fileRef = DE5F91EF2BA8896800F79B0B /* Assets.xcassets */; };
		DE5F91F32BA8896800F79B0B /* LaunchScreen.storyboard in Resources */ = {isa = PBXBuildFile; fileRef = DE5F91F12BA8896800F79B0B /* LaunchScreen.storyboard */; };
		DE5F92012BA8A03D00F79B0B /* SnapKit in Frameworks */ = {isa = PBXBuildFile; productRef = DE5F92002BA8A03D00F79B0B /* SnapKit */; };
		DE5F92032BA9EF9300F79B0B /* PhotoLibraryViewModel.swift in Sources */ = {isa = PBXBuildFile; fileRef = DE5F92022BA9EF9300F79B0B /* PhotoLibraryViewModel.swift */; };
		DE5F92052BAAFED200F79B0B /* BaseViewController.swift in Sources */ = {isa = PBXBuildFile; fileRef = DE5F92042BAAFED200F79B0B /* BaseViewController.swift */; };
		DE5F92082BAB9B7800F79B0B /* PhotoModel.swift in Sources */ = {isa = PBXBuildFile; fileRef = DE5F92072BAB9B7800F79B0B /* PhotoModel.swift */; };
		DE5F920C2BAB9BE800F79B0B /* PhotoService.swift in Sources */ = {isa = PBXBuildFile; fileRef = DE5F920B2BAB9BE800F79B0B /* PhotoService.swift */; };
		DE5F920F2BAC32AE00F79B0B /* Universe App.xcdatamodeld in Sources */ = {isa = PBXBuildFile; fileRef = DE5F920D2BAC32AE00F79B0B /* Universe App.xcdatamodeld */; };
		DE5F92122BAC39C300F79B0B /* PhotoModelData+CoreDataClass.swift in Sources */ = {isa = PBXBuildFile; fileRef = DE5F92102BAC39C300F79B0B /* PhotoModelData+CoreDataClass.swift */; };
		DE5F92132BAC39C300F79B0B /* PhotoModelData+CoreDataProperties.swift in Sources */ = {isa = PBXBuildFile; fileRef = DE5F92112BAC39C300F79B0B /* PhotoModelData+CoreDataProperties.swift */; };
		DE5F92182BAC417E00F79B0B /* CoreDataService.swift in Sources */ = {isa = PBXBuildFile; fileRef = DE5F92172BAC417E00F79B0B /* CoreDataService.swift */; };
		DE5F921B2BACA1A000F79B0B /* DebugLogger.swift in Sources */ = {isa = PBXBuildFile; fileRef = DE5F921A2BACA1A000F79B0B /* DebugLogger.swift */; };
/* End PBXBuildFile section */

/* Begin PBXFileReference section */
		DE5F91E32BA8896600F79B0B /* Universe App.app */ = {isa = PBXFileReference; explicitFileType = wrapper.application; includeInIndex = 0; path = "Universe App.app"; sourceTree = BUILT_PRODUCTS_DIR; };
		DE5F91E62BA8896600F79B0B /* AppDelegate.swift */ = {isa = PBXFileReference; lastKnownFileType = sourcecode.swift; path = AppDelegate.swift; sourceTree = "<group>"; };
		DE5F91E82BA8896600F79B0B /* SceneDelegate.swift */ = {isa = PBXFileReference; lastKnownFileType = sourcecode.swift; path = SceneDelegate.swift; sourceTree = "<group>"; };
		DE5F91EA2BA8896600F79B0B /* PhotoLibraryViewController.swift */ = {isa = PBXFileReference; lastKnownFileType = sourcecode.swift; path = PhotoLibraryViewController.swift; sourceTree = "<group>"; };
		DE5F91EF2BA8896800F79B0B /* Assets.xcassets */ = {isa = PBXFileReference; lastKnownFileType = folder.assetcatalog; path = Assets.xcassets; sourceTree = "<group>"; };
		DE5F91F22BA8896800F79B0B /* Base */ = {isa = PBXFileReference; lastKnownFileType = file.storyboard; name = Base; path = Base.lproj/LaunchScreen.storyboard; sourceTree = "<group>"; };
		DE5F91F42BA8896800F79B0B /* Info.plist */ = {isa = PBXFileReference; lastKnownFileType = text.plist.xml; path = Info.plist; sourceTree = "<group>"; };
		DE5F92022BA9EF9300F79B0B /* PhotoLibraryViewModel.swift */ = {isa = PBXFileReference; lastKnownFileType = sourcecode.swift; path = PhotoLibraryViewModel.swift; sourceTree = "<group>"; };
		DE5F92042BAAFED200F79B0B /* BaseViewController.swift */ = {isa = PBXFileReference; lastKnownFileType = sourcecode.swift; path = BaseViewController.swift; sourceTree = "<group>"; };
		DE5F92072BAB9B7800F79B0B /* PhotoModel.swift */ = {isa = PBXFileReference; lastKnownFileType = sourcecode.swift; path = PhotoModel.swift; sourceTree = "<group>"; };
		DE5F920B2BAB9BE800F79B0B /* PhotoService.swift */ = {isa = PBXFileReference; lastKnownFileType = sourcecode.swift; path = PhotoService.swift; sourceTree = "<group>"; };
		DE5F920E2BAC32AE00F79B0B /* Universe App.xcdatamodel */ = {isa = PBXFileReference; lastKnownFileType = wrapper.xcdatamodel; path = "Universe App.xcdatamodel"; sourceTree = "<group>"; };
		DE5F92102BAC39C300F79B0B /* PhotoModelData+CoreDataClass.swift */ = {isa = PBXFileReference; lastKnownFileType = sourcecode.swift; path = "PhotoModelData+CoreDataClass.swift"; sourceTree = "<group>"; };
		DE5F92112BAC39C300F79B0B /* PhotoModelData+CoreDataProperties.swift */ = {isa = PBXFileReference; lastKnownFileType = sourcecode.swift; path = "PhotoModelData+CoreDataProperties.swift"; sourceTree = "<group>"; };
		DE5F92172BAC417E00F79B0B /* CoreDataService.swift */ = {isa = PBXFileReference; lastKnownFileType = sourcecode.swift; path = CoreDataService.swift; sourceTree = "<group>"; };
		DE5F921A2BACA1A000F79B0B /* DebugLogger.swift */ = {isa = PBXFileReference; lastKnownFileType = sourcecode.swift; path = DebugLogger.swift; sourceTree = "<group>"; };
/* End PBXFileReference section */

/* Begin PBXFrameworksBuildPhase section */
		DE5F91E02BA8896600F79B0B /* Frameworks */ = {
			isa = PBXFrameworksBuildPhase;
			buildActionMask = 2147483647;
			files = (
				DE5F92012BA8A03D00F79B0B /* SnapKit in Frameworks */,
			);
			runOnlyForDeploymentPostprocessing = 0;
		};
/* End PBXFrameworksBuildPhase section */

/* Begin PBXGroup section */
		DE5F91DA2BA8896600F79B0B = {
			isa = PBXGroup;
			children = (
				DE5F91E52BA8896600F79B0B /* Universe App */,
				DE5F91E42BA8896600F79B0B /* Products */,
			);
			sourceTree = "<group>";
		};
		DE5F91E42BA8896600F79B0B /* Products */ = {
			isa = PBXGroup;
			children = (
				DE5F91E32BA8896600F79B0B /* Universe App.app */,
			);
			name = Products;
			sourceTree = "<group>";
		};
		DE5F91E52BA8896600F79B0B /* Universe App */ = {
			isa = PBXGroup;
			children = (
				DE5F91FB2BA897EB00F79B0B /* App */,
				DE5F91FC2BA897F900F79B0B /* Core */,
				DE5F92092BAB9B9C00F79B0B /* Services */,
				DE5F91EF2BA8896800F79B0B /* Assets.xcassets */,
				DE5F92152BAC414900F79B0B /* CoreData */,
				DE5F91F12BA8896800F79B0B /* LaunchScreen.storyboard */,
				DE5F91F42BA8896800F79B0B /* Info.plist */,
				DE5F920D2BAC32AE00F79B0B /* Universe App.xcdatamodeld */,
			);
			path = "Universe App";
			sourceTree = "<group>";
		};
		DE5F91FA2BA896EA00F79B0B /* Root */ = {
			isa = PBXGroup;
			children = (
				DE5F91FD2BA8985200F79B0B /* View */,
				DE5F91FE2BA8985700F79B0B /* ViewModel */,
				DE5F92062BAB9B1B00F79B0B /* Model */,
			);
			path = Root;
			sourceTree = "<group>";
		};
		DE5F91FB2BA897EB00F79B0B /* App */ = {
			isa = PBXGroup;
			children = (
				DE5F91E62BA8896600F79B0B /* AppDelegate.swift */,
				DE5F91E82BA8896600F79B0B /* SceneDelegate.swift */,
			);
			path = App;
			sourceTree = "<group>";
		};
		DE5F91FC2BA897F900F79B0B /* Core */ = {
			isa = PBXGroup;
			children = (
				DE5F91FA2BA896EA00F79B0B /* Root */,
				DE5F92042BAAFED200F79B0B /* BaseViewController.swift */,
			);
			path = Core;
			sourceTree = "<group>";
		};
		DE5F91FD2BA8985200F79B0B /* View */ = {
			isa = PBXGroup;
			children = (
				DE5F91EA2BA8896600F79B0B /* PhotoLibraryViewController.swift */,
			);
			path = View;
			sourceTree = "<group>";
		};
		DE5F91FE2BA8985700F79B0B /* ViewModel */ = {
			isa = PBXGroup;
			children = (
				DE5F92022BA9EF9300F79B0B /* PhotoLibraryViewModel.swift */,
			);
			path = ViewModel;
			sourceTree = "<group>";
		};
		DE5F92062BAB9B1B00F79B0B /* Model */ = {
			isa = PBXGroup;
			children = (
				DE5F92072BAB9B7800F79B0B /* PhotoModel.swift */,
			);
			path = Model;
			sourceTree = "<group>";
		};
		DE5F92092BAB9B9C00F79B0B /* Services */ = {
			isa = PBXGroup;
			children = (
				DE5F92192BACA18300F79B0B /* Logger */,
				DE5F920A2BAB9BC100F79B0B /* PhotoService */,
			);
			path = Services;
			sourceTree = "<group>";
		};
		DE5F920A2BAB9BC100F79B0B /* PhotoService */ = {
			isa = PBXGroup;
			children = (
				DE5F920B2BAB9BE800F79B0B /* PhotoService.swift */,
			);
			path = PhotoService;
			sourceTree = "<group>";
		};
		DE5F92142BAC39F100F79B0B /* CoreDataModel */ = {
			isa = PBXGroup;
			children = (
				DE5F92102BAC39C300F79B0B /* PhotoModelData+CoreDataClass.swift */,
				DE5F92112BAC39C300F79B0B /* PhotoModelData+CoreDataProperties.swift */,
			);
			path = CoreDataModel;
			sourceTree = "<group>";
		};
		DE5F92152BAC414900F79B0B /* CoreData */ = {
			isa = PBXGroup;
			children = (
				DE5F92162BAC415E00F79B0B /* Service */,
				DE5F92142BAC39F100F79B0B /* CoreDataModel */,
			);
			path = CoreData;
			sourceTree = "<group>";
		};
		DE5F92162BAC415E00F79B0B /* Service */ = {
			isa = PBXGroup;
			children = (
				DE5F92172BAC417E00F79B0B /* CoreDataService.swift */,
			);
			path = Service;
			sourceTree = "<group>";
		};
		DE5F92192BACA18300F79B0B /* Logger */ = {
			isa = PBXGroup;
			children = (
				DE5F921A2BACA1A000F79B0B /* DebugLogger.swift */,
			);
			path = Logger;
			sourceTree = "<group>";
		};
/* End PBXGroup section */

/* Begin PBXNativeTarget section */
		DE5F91E22BA8896600F79B0B /* Universe App */ = {
			isa = PBXNativeTarget;
			buildConfigurationList = DE5F91F72BA8896800F79B0B /* Build configuration list for PBXNativeTarget "Universe App" */;
			buildPhases = (
				DE5F91DF2BA8896600F79B0B /* Sources */,
				DE5F91E02BA8896600F79B0B /* Frameworks */,
				DE5F91E12BA8896600F79B0B /* Resources */,
			);
			buildRules = (
			);
			dependencies = (
			);
			name = "Universe App";
			packageProductDependencies = (
				DE5F92002BA8A03D00F79B0B /* SnapKit */,
			);
			productName = "Universe App";
			productReference = DE5F91E32BA8896600F79B0B /* Universe App.app */;
			productType = "com.apple.product-type.application";
		};
/* End PBXNativeTarget section */

/* Begin PBXProject section */
		DE5F91DB2BA8896600F79B0B /* Project object */ = {
			isa = PBXProject;
			attributes = {
				BuildIndependentTargetsInParallel = 1;
				LastSwiftUpdateCheck = 1510;
				LastUpgradeCheck = 1510;
				TargetAttributes = {
					DE5F91E22BA8896600F79B0B = {
						CreatedOnToolsVersion = 15.1;
					};
				};
			};
			buildConfigurationList = DE5F91DE2BA8896600F79B0B /* Build configuration list for PBXProject "Universe App" */;
			compatibilityVersion = "Xcode 14.0";
			developmentRegion = en;
			hasScannedForEncodings = 0;
			knownRegions = (
				en,
				Base,
			);
			mainGroup = DE5F91DA2BA8896600F79B0B;
			packageReferences = (
				DE5F91FF2BA8A03D00F79B0B /* XCRemoteSwiftPackageReference "SnapKit" */,
			);
			productRefGroup = DE5F91E42BA8896600F79B0B /* Products */;
			projectDirPath = "";
			projectRoot = "";
			targets = (
				DE5F91E22BA8896600F79B0B /* Universe App */,
			);
		};
/* End PBXProject section */

/* Begin PBXResourcesBuildPhase section */
		DE5F91E12BA8896600F79B0B /* Resources */ = {
			isa = PBXResourcesBuildPhase;
			buildActionMask = 2147483647;
			files = (
				DE5F91F32BA8896800F79B0B /* LaunchScreen.storyboard in Resources */,
				DE5F91F02BA8896800F79B0B /* Assets.xcassets in Resources */,
			);
			runOnlyForDeploymentPostprocessing = 0;
		};
/* End PBXResourcesBuildPhase section */

/* Begin PBXSourcesBuildPhase section */
		DE5F91DF2BA8896600F79B0B /* Sources */ = {
			isa = PBXSourcesBuildPhase;
			buildActionMask = 2147483647;
			files = (
				DE5F92082BAB9B7800F79B0B /* PhotoModel.swift in Sources */,
				DE5F92052BAAFED200F79B0B /* BaseViewController.swift in Sources */,
				DE5F92122BAC39C300F79B0B /* PhotoModelData+CoreDataClass.swift in Sources */,
				DE5F91EB2BA8896600F79B0B /* PhotoLibraryViewController.swift in Sources */,
				DE5F920F2BAC32AE00F79B0B /* Universe App.xcdatamodeld in Sources */,
				DE5F92032BA9EF9300F79B0B /* PhotoLibraryViewModel.swift in Sources */,
				DE5F92132BAC39C300F79B0B /* PhotoModelData+CoreDataProperties.swift in Sources */,
				DE5F921B2BACA1A000F79B0B /* DebugLogger.swift in Sources */,
				DE5F91E72BA8896600F79B0B /* AppDelegate.swift in Sources */,
				DE5F92182BAC417E00F79B0B /* CoreDataService.swift in Sources */,
				DE5F91E92BA8896600F79B0B /* SceneDelegate.swift in Sources */,
				DE5F920C2BAB9BE800F79B0B /* PhotoService.swift in Sources */,
			);
			runOnlyForDeploymentPostprocessing = 0;
		};
/* End PBXSourcesBuildPhase section */

/* Begin PBXVariantGroup section */
		DE5F91F12BA8896800F79B0B /* LaunchScreen.storyboard */ = {
			isa = PBXVariantGroup;
			children = (
				DE5F91F22BA8896800F79B0B /* Base */,
			);
			name = LaunchScreen.storyboard;
			sourceTree = "<group>";
		};
/* End PBXVariantGroup section */

/* Begin XCBuildConfiguration section */
		DE5F91F52BA8896800F79B0B /* Debug */ = {
			isa = XCBuildConfiguration;
			buildSettings = {
				ALWAYS_SEARCH_USER_PATHS = NO;
				ASSETCATALOG_COMPILER_GENERATE_SWIFT_ASSET_SYMBOL_EXTENSIONS = YES;
				CLANG_ANALYZER_NONNULL = YES;
				CLANG_ANALYZER_NUMBER_OBJECT_CONVERSION = YES_AGGRESSIVE;
				CLANG_CXX_LANGUAGE_STANDARD = "gnu++20";
				CLANG_ENABLE_MODULES = YES;
				CLANG_ENABLE_OBJC_ARC = YES;
				CLANG_ENABLE_OBJC_WEAK = YES;
				CLANG_WARN_BLOCK_CAPTURE_AUTORELEASING = YES;
				CLANG_WARN_BOOL_CONVERSION = YES;
				CLANG_WARN_COMMA = YES;
				CLANG_WARN_CONSTANT_CONVERSION = YES;
				CLANG_WARN_DEPRECATED_OBJC_IMPLEMENTATIONS = YES;
				CLANG_WARN_DIRECT_OBJC_ISA_USAGE = YES_ERROR;
				CLANG_WARN_DOCUMENTATION_COMMENTS = YES;
				CLANG_WARN_EMPTY_BODY = YES;
				CLANG_WARN_ENUM_CONVERSION = YES;
				CLANG_WARN_INFINITE_RECURSION = YES;
				CLANG_WARN_INT_CONVERSION = YES;
				CLANG_WARN_NON_LITERAL_NULL_CONVERSION = YES;
				CLANG_WARN_OBJC_IMPLICIT_RETAIN_SELF = YES;
				CLANG_WARN_OBJC_LITERAL_CONVERSION = YES;
				CLANG_WARN_OBJC_ROOT_CLASS = YES_ERROR;
				CLANG_WARN_QUOTED_INCLUDE_IN_FRAMEWORK_HEADER = YES;
				CLANG_WARN_RANGE_LOOP_ANALYSIS = YES;
				CLANG_WARN_STRICT_PROTOTYPES = YES;
				CLANG_WARN_SUSPICIOUS_MOVE = YES;
				CLANG_WARN_UNGUARDED_AVAILABILITY = YES_AGGRESSIVE;
				CLANG_WARN_UNREACHABLE_CODE = YES;
				CLANG_WARN__DUPLICATE_METHOD_MATCH = YES;
				COPY_PHASE_STRIP = NO;
				DEBUG_INFORMATION_FORMAT = dwarf;
				ENABLE_STRICT_OBJC_MSGSEND = YES;
				ENABLE_TESTABILITY = YES;
				ENABLE_USER_SCRIPT_SANDBOXING = YES;
				GCC_C_LANGUAGE_STANDARD = gnu17;
				GCC_DYNAMIC_NO_PIC = NO;
				GCC_NO_COMMON_BLOCKS = YES;
				GCC_OPTIMIZATION_LEVEL = 0;
				GCC_PREPROCESSOR_DEFINITIONS = (
					"DEBUG=1",
					"$(inherited)",
				);
				GCC_WARN_64_TO_32_BIT_CONVERSION = YES;
				GCC_WARN_ABOUT_RETURN_TYPE = YES_ERROR;
				GCC_WARN_UNDECLARED_SELECTOR = YES;
				GCC_WARN_UNINITIALIZED_AUTOS = YES_AGGRESSIVE;
				GCC_WARN_UNUSED_FUNCTION = YES;
				GCC_WARN_UNUSED_VARIABLE = YES;
				IPHONEOS_DEPLOYMENT_TARGET = 16.0;
				LOCALIZATION_PREFERS_STRING_CATALOGS = YES;
				MTL_ENABLE_DEBUG_INFO = INCLUDE_SOURCE;
				MTL_FAST_MATH = YES;
				ONLY_ACTIVE_ARCH = YES;
				SDKROOT = iphoneos;
				SWIFT_ACTIVE_COMPILATION_CONDITIONS = "DEBUG $(inherited)";
				SWIFT_OPTIMIZATION_LEVEL = "-Onone";
			};
			name = Debug;
		};
		DE5F91F62BA8896800F79B0B /* Release */ = {
			isa = XCBuildConfiguration;
			buildSettings = {
				ALWAYS_SEARCH_USER_PATHS = NO;
				ASSETCATALOG_COMPILER_GENERATE_SWIFT_ASSET_SYMBOL_EXTENSIONS = YES;
				CLANG_ANALYZER_NONNULL = YES;
				CLANG_ANALYZER_NUMBER_OBJECT_CONVERSION = YES_AGGRESSIVE;
				CLANG_CXX_LANGUAGE_STANDARD = "gnu++20";
				CLANG_ENABLE_MODULES = YES;
				CLANG_ENABLE_OBJC_ARC = YES;
				CLANG_ENABLE_OBJC_WEAK = YES;
				CLANG_WARN_BLOCK_CAPTURE_AUTORELEASING = YES;
				CLANG_WARN_BOOL_CONVERSION = YES;
				CLANG_WARN_COMMA = YES;
				CLANG_WARN_CONSTANT_CONVERSION = YES;
				CLANG_WARN_DEPRECATED_OBJC_IMPLEMENTATIONS = YES;
				CLANG_WARN_DIRECT_OBJC_ISA_USAGE = YES_ERROR;
				CLANG_WARN_DOCUMENTATION_COMMENTS = YES;
				CLANG_WARN_EMPTY_BODY = YES;
				CLANG_WARN_ENUM_CONVERSION = YES;
				CLANG_WARN_INFINITE_RECURSION = YES;
				CLANG_WARN_INT_CONVERSION = YES;
				CLANG_WARN_NON_LITERAL_NULL_CONVERSION = YES;
				CLANG_WARN_OBJC_IMPLICIT_RETAIN_SELF = YES;
				CLANG_WARN_OBJC_LITERAL_CONVERSION = YES;
				CLANG_WARN_OBJC_ROOT_CLASS = YES_ERROR;
				CLANG_WARN_QUOTED_INCLUDE_IN_FRAMEWORK_HEADER = YES;
				CLANG_WARN_RANGE_LOOP_ANALYSIS = YES;
				CLANG_WARN_STRICT_PROTOTYPES = YES;
				CLANG_WARN_SUSPICIOUS_MOVE = YES;
				CLANG_WARN_UNGUARDED_AVAILABILITY = YES_AGGRESSIVE;
				CLANG_WARN_UNREACHABLE_CODE = YES;
				CLANG_WARN__DUPLICATE_METHOD_MATCH = YES;
				COPY_PHASE_STRIP = NO;
				DEBUG_INFORMATION_FORMAT = "dwarf-with-dsym";
				ENABLE_NS_ASSERTIONS = NO;
				ENABLE_STRICT_OBJC_MSGSEND = YES;
				ENABLE_USER_SCRIPT_SANDBOXING = YES;
				GCC_C_LANGUAGE_STANDARD = gnu17;
				GCC_NO_COMMON_BLOCKS = YES;
				GCC_WARN_64_TO_32_BIT_CONVERSION = YES;
				GCC_WARN_ABOUT_RETURN_TYPE = YES_ERROR;
				GCC_WARN_UNDECLARED_SELECTOR = YES;
				GCC_WARN_UNINITIALIZED_AUTOS = YES_AGGRESSIVE;
				GCC_WARN_UNUSED_FUNCTION = YES;
				GCC_WARN_UNUSED_VARIABLE = YES;
				IPHONEOS_DEPLOYMENT_TARGET = 16.0;
				LOCALIZATION_PREFERS_STRING_CATALOGS = YES;
				MTL_ENABLE_DEBUG_INFO = NO;
				MTL_FAST_MATH = YES;
				SDKROOT = iphoneos;
				SWIFT_COMPILATION_MODE = wholemodule;
				VALIDATE_PRODUCT = YES;
			};
			name = Release;
		};
		DE5F91F82BA8896800F79B0B /* Debug */ = {
			isa = XCBuildConfiguration;
			buildSettings = {
				ASSETCATALOG_COMPILER_APPICON_NAME = AppIcon;
				ASSETCATALOG_COMPILER_GLOBAL_ACCENT_COLOR_NAME = AccentColor;
				CODE_SIGN_STYLE = Automatic;
				CURRENT_PROJECT_VERSION = 1;
				DEVELOPMENT_TEAM = 2J8W8ZZGT2;
				GENERATE_INFOPLIST_FILE = YES;
				INFOPLIST_FILE = "Universe App/Info.plist";
				INFOPLIST_KEY_UIApplicationSupportsIndirectInputEvents = YES;
				INFOPLIST_KEY_UILaunchStoryboardName = LaunchScreen;
				INFOPLIST_KEY_UIMainStoryboardFile = "";
				INFOPLIST_KEY_UISupportedInterfaceOrientations = UIInterfaceOrientationPortrait;
				IPHONEOS_DEPLOYMENT_TARGET = 16.0;
				LD_RUNPATH_SEARCH_PATHS = (
					"$(inherited)",
					"@executable_path/Frameworks",
				);
				MARKETING_VERSION = 1.0;
				PRODUCT_BUNDLE_IDENTIFIER = "Home.Universe-App";
				PRODUCT_NAME = "$(TARGET_NAME)";
				SWIFT_EMIT_LOC_STRINGS = YES;
				SWIFT_VERSION = 5.0;
				TARGETED_DEVICE_FAMILY = "1,2";
			};
			name = Debug;
		};
		DE5F91F92BA8896800F79B0B /* Release */ = {
			isa = XCBuildConfiguration;
			buildSettings = {
				ASSETCATALOG_COMPILER_APPICON_NAME = AppIcon;
				ASSETCATALOG_COMPILER_GLOBAL_ACCENT_COLOR_NAME = AccentColor;
				CODE_SIGN_STYLE = Automatic;
				CURRENT_PROJECT_VERSION = 1;
				DEVELOPMENT_TEAM = 2J8W8ZZGT2;
				GENERATE_INFOPLIST_FILE = YES;
				INFOPLIST_FILE = "Universe App/Info.plist";
				INFOPLIST_KEY_UIApplicationSupportsIndirectInputEvents = YES;
				INFOPLIST_KEY_UILaunchStoryboardName = LaunchScreen;
				INFOPLIST_KEY_UIMainStoryboardFile = "";
				INFOPLIST_KEY_UISupportedInterfaceOrientations = UIInterfaceOrientationPortrait;
				IPHONEOS_DEPLOYMENT_TARGET = 16.0;
				LD_RUNPATH_SEARCH_PATHS = (
					"$(inherited)",
					"@executable_path/Frameworks",
				);
				MARKETING_VERSION = 1.0;
				PRODUCT_BUNDLE_IDENTIFIER = "Home.Universe-App";
				PRODUCT_NAME = "$(TARGET_NAME)";
				SWIFT_EMIT_LOC_STRINGS = YES;
				SWIFT_VERSION = 5.0;
				TARGETED_DEVICE_FAMILY = "1,2";
			};
			name = Release;
		};
/* End XCBuildConfiguration section */

/* Begin XCConfigurationList section */
		DE5F91DE2BA8896600F79B0B /* Build configuration list for PBXProject "Universe App" */ = {
			isa = XCConfigurationList;
			buildConfigurations = (
				DE5F91F52BA8896800F79B0B /* Debug */,
				DE5F91F62BA8896800F79B0B /* Release */,
			);
			defaultConfigurationIsVisible = 0;
			defaultConfigurationName = Release;
		};
		DE5F91F72BA8896800F79B0B /* Build configuration list for PBXNativeTarget "Universe App" */ = {
			isa = XCConfigurationList;
			buildConfigurations = (
				DE5F91F82BA8896800F79B0B /* Debug */,
				DE5F91F92BA8896800F79B0B /* Release */,
			);
			defaultConfigurationIsVisible = 0;
			defaultConfigurationName = Release;
		};
/* End XCConfigurationList section */

/* Begin XCRemoteSwiftPackageReference section */
		DE5F91FF2BA8A03D00F79B0B /* XCRemoteSwiftPackageReference "SnapKit" */ = {
			isa = XCRemoteSwiftPackageReference;
			repositoryURL = "https://github.com/SnapKit/SnapKit.git";
			requirement = {
				kind = upToNextMajorVersion;
				minimumVersion = 5.7.1;
			};
		};
/* End XCRemoteSwiftPackageReference section */

/* Begin XCSwiftPackageProductDependency section */
		DE5F92002BA8A03D00F79B0B /* SnapKit */ = {
			isa = XCSwiftPackageProductDependency;
			package = DE5F91FF2BA8A03D00F79B0B /* XCRemoteSwiftPackageReference "SnapKit" */;
			productName = SnapKit;
		};
/* End XCSwiftPackageProductDependency section */

/* Begin XCVersionGroup section */
		DE5F920D2BAC32AE00F79B0B /* Universe App.xcdatamodeld */ = {
			isa = XCVersionGroup;
			children = (
				DE5F920E2BAC32AE00F79B0B /* Universe App.xcdatamodel */,
			);
			currentVersion = DE5F920E2BAC32AE00F79B0B /* Universe App.xcdatamodel */;
			path = "Universe App.xcdatamodeld";
			sourceTree = "<group>";
			versionGroupType = wrapper.xcdatamodel;
		};
/* End XCVersionGroup section */
	};
	rootObject = DE5F91DB2BA8896600F79B0B /* Project object */;
}
